// !$*UTF8*$!
{
	archiveVersion = 1;
	classes = {
	};
	objectVersion = 46;
	objects = {

/* Begin PBXBuildFile section */
		3B9F24251A7C4CB200FE065E /* main.m in Sources */ = {isa = PBXBuildFile; fileRef = 3B9F24241A7C4CB200FE065E /* main.m */; };
		3B9F24281A7C4CB200FE065E /* AppDelegate.m in Sources */ = {isa = PBXBuildFile; fileRef = 3B9F24271A7C4CB200FE065E /* AppDelegate.m */; };
		3B9F24311A7C4CB200FE065E /* Main.storyboard in Resources */ = {isa = PBXBuildFile; fileRef = 3B9F242F1A7C4CB200FE065E /* Main.storyboard */; };
		3B9F24331A7C4CB200FE065E /* Images.xcassets in Resources */ = {isa = PBXBuildFile; fileRef = 3B9F24321A7C4CB200FE065E /* Images.xcassets */; };
		3B9F24361A7C4CB200FE065E /* LaunchScreen.xib in Resources */ = {isa = PBXBuildFile; fileRef = 3B9F24341A7C4CB200FE065E /* LaunchScreen.xib */; };
		3B9F24421A7C4CB300FE065E /* GitHub_IssuesTests.m in Sources */ = {isa = PBXBuildFile; fileRef = 3B9F24411A7C4CB300FE065E /* GitHub_IssuesTests.m */; };
		3B9F244D1A7C555300FE065E /* IssueTableViewController.m in Sources */ = {isa = PBXBuildFile; fileRef = 3B9F244C1A7C555300FE065E /* IssueTableViewController.m */; };
		3B9F24501A7C556300FE065E /* AllIssueTableViewController.m in Sources */ = {isa = PBXBuildFile; fileRef = 3B9F244F1A7C556300FE065E /* AllIssueTableViewController.m */; };
		3B9F24531A7C557900FE065E /* CircleViewController.m in Sources */ = {isa = PBXBuildFile; fileRef = 3B9F24521A7C557900FE065E /* CircleViewController.m */; };
		3B9F24571A7C595D00FE065E /* doughnut_chart-50.png in Resources */ = {isa = PBXBuildFile; fileRef = 3B9F24541A7C595D00FE065E /* doughnut_chart-50.png */; };
		3B9F24581A7C595D00FE065E /* popular_topic-50.png in Resources */ = {isa = PBXBuildFile; fileRef = 3B9F24551A7C595D00FE065E /* popular_topic-50.png */; };
		3B9F24591A7C595D00FE065E /* topic-50.png in Resources */ = {isa = PBXBuildFile; fileRef = 3B9F24561A7C595D00FE065E /* topic-50.png */; };
		3B9F24601A7C614B00FE065E /* IssueTableViewCell.m in Sources */ = {isa = PBXBuildFile; fileRef = 3B9F245F1A7C614B00FE065E /* IssueTableViewCell.m */; };
		3B9F24631A7C70AE00FE065E /* IssueDetailViewController.m in Sources */ = {isa = PBXBuildFile; fileRef = 3B9F24621A7C70AE00FE065E /* IssueDetailViewController.m */; };
		3BA2650C1A7DB9AD00293936 /* CircleView.m in Sources */ = {isa = PBXBuildFile; fileRef = 3BA2650B1A7DB9AD00293936 /* CircleView.m */; };
		3BACEC801A7D75C70088E5AA /* question-50.png in Resources */ = {isa = PBXBuildFile; fileRef = 3BACEC7E1A7D75C70088E5AA /* question-50.png */; };
		3BACEC811A7D75C70088E5AA /* cool-50.png in Resources */ = {isa = PBXBuildFile; fileRef = 3BACEC7F1A7D75C70088E5AA /* cool-50.png */; };
		3BACEC841A7D85BC0088E5AA /* question-100.png in Resources */ = {isa = PBXBuildFile; fileRef = 3BACEC821A7D85BC0088E5AA /* question-100.png */; };
		3BACEC851A7D85BC0088E5AA /* cool-100.png in Resources */ = {isa = PBXBuildFile; fileRef = 3BACEC831A7D85BC0088E5AA /* cool-100.png */; };
/* End PBXBuildFile section */

/* Begin PBXContainerItemProxy section */
		3B9F243C1A7C4CB200FE065E /* PBXContainerItemProxy */ = {
			isa = PBXContainerItemProxy;
			containerPortal = 3B9F24171A7C4CB200FE065E /* Project object */;
			proxyType = 1;
			remoteGlobalIDString = 3B9F241E1A7C4CB200FE065E;
			remoteInfo = "GitHub Issues";
		};
/* End PBXContainerItemProxy section */

/* Begin PBXFileReference section */
		3B9F241F1A7C4CB200FE065E /* GitHub Issues.app */ = {isa = PBXFileReference; explicitFileType = wrapper.application; includeInIndex = 0; path = "GitHub Issues.app"; sourceTree = BUILT_PRODUCTS_DIR; };
		3B9F24231A7C4CB200FE065E /* Info.plist */ = {isa = PBXFileReference; lastKnownFileType = text.plist.xml; path = Info.plist; sourceTree = "<group>"; };
		3B9F24241A7C4CB200FE065E /* main.m */ = {isa = PBXFileReference; lastKnownFileType = sourcecode.c.objc; path = main.m; sourceTree = "<group>"; };
		3B9F24261A7C4CB200FE065E /* AppDelegate.h */ = {isa = PBXFileReference; lastKnownFileType = sourcecode.c.h; path = AppDelegate.h; sourceTree = "<group>"; };
		3B9F24271A7C4CB200FE065E /* AppDelegate.m */ = {isa = PBXFileReference; lastKnownFileType = sourcecode.c.objc; path = AppDelegate.m; sourceTree = "<group>"; };
		3B9F24301A7C4CB200FE065E /* Base */ = {isa = PBXFileReference; lastKnownFileType = file.storyboard; name = Base; path = Base.lproj/Main.storyboard; sourceTree = "<group>"; };
		3B9F24321A7C4CB200FE065E /* Images.xcassets */ = {isa = PBXFileReference; lastKnownFileType = folder.assetcatalog; path = Images.xcassets; sourceTree = "<group>"; };
		3B9F24351A7C4CB200FE065E /* Base */ = {isa = PBXFileReference; lastKnownFileType = file.xib; name = Base; path = Base.lproj/LaunchScreen.xib; sourceTree = "<group>"; };
		3B9F243B1A7C4CB200FE065E /* GitHub IssuesTests.xctest */ = {isa = PBXFileReference; explicitFileType = wrapper.cfbundle; includeInIndex = 0; path = "GitHub IssuesTests.xctest"; sourceTree = BUILT_PRODUCTS_DIR; };
		3B9F24401A7C4CB200FE065E /* Info.plist */ = {isa = PBXFileReference; lastKnownFileType = text.plist.xml; path = Info.plist; sourceTree = "<group>"; };
		3B9F24411A7C4CB300FE065E /* GitHub_IssuesTests.m */ = {isa = PBXFileReference; lastKnownFileType = sourcecode.c.objc; path = GitHub_IssuesTests.m; sourceTree = "<group>"; };
		3B9F244B1A7C555300FE065E /* IssueTableViewController.h */ = {isa = PBXFileReference; fileEncoding = 4; lastKnownFileType = sourcecode.c.h; path = IssueTableViewController.h; sourceTree = "<group>"; };
		3B9F244C1A7C555300FE065E /* IssueTableViewController.m */ = {isa = PBXFileReference; fileEncoding = 4; lastKnownFileType = sourcecode.c.objc; path = IssueTableViewController.m; sourceTree = "<group>"; };
		3B9F244E1A7C556300FE065E /* AllIssueTableViewController.h */ = {isa = PBXFileReference; fileEncoding = 4; lastKnownFileType = sourcecode.c.h; path = AllIssueTableViewController.h; sourceTree = "<group>"; };
		3B9F244F1A7C556300FE065E /* AllIssueTableViewController.m */ = {isa = PBXFileReference; fileEncoding = 4; lastKnownFileType = sourcecode.c.objc; path = AllIssueTableViewController.m; sourceTree = "<group>"; };
		3B9F24511A7C557900FE065E /* CircleViewController.h */ = {isa = PBXFileReference; fileEncoding = 4; lastKnownFileType = sourcecode.c.h; path = CircleViewController.h; sourceTree = "<group>"; };
		3B9F24521A7C557900FE065E /* CircleViewController.m */ = {isa = PBXFileReference; fileEncoding = 4; lastKnownFileType = sourcecode.c.objc; path = CircleViewController.m; sourceTree = "<group>"; };
		3B9F24541A7C595D00FE065E /* doughnut_chart-50.png */ = {isa = PBXFileReference; lastKnownFileType = image.png; path = "doughnut_chart-50.png"; sourceTree = "<group>"; };
		3B9F24551A7C595D00FE065E /* popular_topic-50.png */ = {isa = PBXFileReference; lastKnownFileType = image.png; path = "popular_topic-50.png"; sourceTree = "<group>"; };
		3B9F24561A7C595D00FE065E /* topic-50.png */ = {isa = PBXFileReference; lastKnownFileType = image.png; path = "topic-50.png"; sourceTree = "<group>"; };
		3B9F245E1A7C614B00FE065E /* IssueTableViewCell.h */ = {isa = PBXFileReference; fileEncoding = 4; lastKnownFileType = sourcecode.c.h; path = IssueTableViewCell.h; sourceTree = "<group>"; };
		3B9F245F1A7C614B00FE065E /* IssueTableViewCell.m */ = {isa = PBXFileReference; fileEncoding = 4; lastKnownFileType = sourcecode.c.objc; path = IssueTableViewCell.m; sourceTree = "<group>"; };
		3B9F24611A7C70AE00FE065E /* IssueDetailViewController.h */ = {isa = PBXFileReference; fileEncoding = 4; lastKnownFileType = sourcecode.c.h; path = IssueDetailViewController.h; sourceTree = "<group>"; };
		3B9F24621A7C70AE00FE065E /* IssueDetailViewController.m */ = {isa = PBXFileReference; fileEncoding = 4; lastKnownFileType = sourcecode.c.objc; path = IssueDetailViewController.m; sourceTree = "<group>"; };
		3BA2650A1A7DB9AD00293936 /* CircleView.h */ = {isa = PBXFileReference; fileEncoding = 4; lastKnownFileType = sourcecode.c.h; path = CircleView.h; sourceTree = "<group>"; };
		3BA2650B1A7DB9AD00293936 /* CircleView.m */ = {isa = PBXFileReference; fileEncoding = 4; lastKnownFileType = sourcecode.c.objc; path = CircleView.m; sourceTree = "<group>"; };
		3BACEC7E1A7D75C70088E5AA /* question-50.png */ = {isa = PBXFileReference; lastKnownFileType = image.png; path = "question-50.png"; sourceTree = "<group>"; };
		3BACEC7F1A7D75C70088E5AA /* cool-50.png */ = {isa = PBXFileReference; lastKnownFileType = image.png; path = "cool-50.png"; sourceTree = "<group>"; };
		3BACEC821A7D85BC0088E5AA /* question-100.png */ = {isa = PBXFileReference; lastKnownFileType = image.png; path = "question-100.png"; sourceTree = "<group>"; };
		3BACEC831A7D85BC0088E5AA /* cool-100.png */ = {isa = PBXFileReference; lastKnownFileType = image.png; path = "cool-100.png"; sourceTree = "<group>"; };
/* End PBXFileReference section */

/* Begin PBXFrameworksBuildPhase section */
		3B9F241C1A7C4CB200FE065E /* Frameworks */ = {
			isa = PBXFrameworksBuildPhase;
			buildActionMask = 2147483647;
			files = (
			);
			runOnlyForDeploymentPostprocessing = 0;
		};
		3B9F24381A7C4CB200FE065E /* Frameworks */ = {
			isa = PBXFrameworksBuildPhase;
			buildActionMask = 2147483647;
			files = (
			);
			runOnlyForDeploymentPostprocessing = 0;
		};
/* End PBXFrameworksBuildPhase section */

/* Begin PBXGroup section */
		3B9F24161A7C4CB200FE065E = {
			isa = PBXGroup;
			children = (
				3B9F24211A7C4CB200FE065E /* GitHub Issues */,
				3B9F243E1A7C4CB200FE065E /* GitHub IssuesTests */,
				3B9F24201A7C4CB200FE065E /* Products */,
			);
			sourceTree = "<group>";
		};
		3B9F24201A7C4CB200FE065E /* Products */ = {
			isa = PBXGroup;
			children = (
				3B9F241F1A7C4CB200FE065E /* GitHub Issues.app */,
				3B9F243B1A7C4CB200FE065E /* GitHub IssuesTests.xctest */,
			);
			name = Products;
			sourceTree = "<group>";
		};
		3B9F24211A7C4CB200FE065E /* GitHub Issues */ = {
			isa = PBXGroup;
			children = (
				3B9F24261A7C4CB200FE065E /* AppDelegate.h */,
				3B9F24271A7C4CB200FE065E /* AppDelegate.m */,
				3B9F242F1A7C4CB200FE065E /* Main.storyboard */,
				3B9F245E1A7C614B00FE065E /* IssueTableViewCell.h */,
				3B9F245F1A7C614B00FE065E /* IssueTableViewCell.m */,
				3B9F244B1A7C555300FE065E /* IssueTableViewController.h */,
				3B9F244C1A7C555300FE065E /* IssueTableViewController.m */,
				3B9F244E1A7C556300FE065E /* AllIssueTableViewController.h */,
				3B9F244F1A7C556300FE065E /* AllIssueTableViewController.m */,
				3B9F24611A7C70AE00FE065E /* IssueDetailViewController.h */,
				3B9F24621A7C70AE00FE065E /* IssueDetailViewController.m */,
				3B9F24511A7C557900FE065E /* CircleViewController.h */,
				3B9F24521A7C557900FE065E /* CircleViewController.m */,
				3BA2650A1A7DB9AD00293936 /* CircleView.h */,
				3BA2650B1A7DB9AD00293936 /* CircleView.m */,
				3B9F24321A7C4CB200FE065E /* Images.xcassets */,
				3B9F24341A7C4CB200FE065E /* LaunchScreen.xib */,
				3B9F24221A7C4CB200FE065E /* Supporting Files */,
			);
			path = "GitHub Issues";
			sourceTree = "<group>";
		};
		3B9F24221A7C4CB200FE065E /* Supporting Files */ = {
			isa = PBXGroup;
			children = (
				3BACEC821A7D85BC0088E5AA /* question-100.png */,
				3BACEC831A7D85BC0088E5AA /* cool-100.png */,
				3BACEC7E1A7D75C70088E5AA /* question-50.png */,
				3BACEC7F1A7D75C70088E5AA /* cool-50.png */,
				3B9F24541A7C595D00FE065E /* doughnut_chart-50.png */,
				3B9F24551A7C595D00FE065E /* popular_topic-50.png */,
				3B9F24561A7C595D00FE065E /* topic-50.png */,
				3B9F24231A7C4CB200FE065E /* Info.plist */,
				3B9F24241A7C4CB200FE065E /* main.m */,
			);
			name = "Supporting Files";
			sourceTree = "<group>";
		};
		3B9F243E1A7C4CB200FE065E /* GitHub IssuesTests */ = {
			isa = PBXGroup;
			children = (
				3B9F24411A7C4CB300FE065E /* GitHub_IssuesTests.m */,
				3B9F243F1A7C4CB200FE065E /* Supporting Files */,
			);
			path = "GitHub IssuesTests";
			sourceTree = "<group>";
		};
		3B9F243F1A7C4CB200FE065E /* Supporting Files */ = {
			isa = PBXGroup;
			children = (
				3B9F24401A7C4CB200FE065E /* Info.plist */,
			);
			name = "Supporting Files";
			sourceTree = "<group>";
		};
/* End PBXGroup section */

/* Begin PBXNativeTarget section */
		3B9F241E1A7C4CB200FE065E /* GitHub Issues */ = {
			isa = PBXNativeTarget;
			buildConfigurationList = 3B9F24451A7C4CB300FE065E /* Build configuration list for PBXNativeTarget "GitHub Issues" */;
			buildPhases = (
				3B9F241B1A7C4CB200FE065E /* Sources */,
				3B9F241C1A7C4CB200FE065E /* Frameworks */,
				3B9F241D1A7C4CB200FE065E /* Resources */,
			);
			buildRules = (
			);
			dependencies = (
			);
			name = "GitHub Issues";
			productName = "GitHub Issues";
			productReference = 3B9F241F1A7C4CB200FE065E /* GitHub Issues.app */;
			productType = "com.apple.product-type.application";
		};
		3B9F243A1A7C4CB200FE065E /* GitHub IssuesTests */ = {
			isa = PBXNativeTarget;
			buildConfigurationList = 3B9F24481A7C4CB300FE065E /* Build configuration list for PBXNativeTarget "GitHub IssuesTests" */;
			buildPhases = (
				3B9F24371A7C4CB200FE065E /* Sources */,
				3B9F24381A7C4CB200FE065E /* Frameworks */,
				3B9F24391A7C4CB200FE065E /* Resources */,
			);
			buildRules = (
			);
			dependencies = (
				3B9F243D1A7C4CB200FE065E /* PBXTargetDependency */,
			);
			name = "GitHub IssuesTests";
			productName = "GitHub IssuesTests";
			productReference = 3B9F243B1A7C4CB200FE065E /* GitHub IssuesTests.xctest */;
			productType = "com.apple.product-type.bundle.unit-test";
		};
/* End PBXNativeTarget section */

/* Begin PBXProject section */
		3B9F24171A7C4CB200FE065E /* Project object */ = {
			isa = PBXProject;
			attributes = {
				LastUpgradeCheck = 0610;
				ORGANIZATIONNAME = helenwang;
				TargetAttributes = {
					3B9F241E1A7C4CB200FE065E = {
						CreatedOnToolsVersion = 6.1.1;
					};
					3B9F243A1A7C4CB200FE065E = {
						CreatedOnToolsVersion = 6.1.1;
						TestTargetID = 3B9F241E1A7C4CB200FE065E;
					};
				};
			};
			buildConfigurationList = 3B9F241A1A7C4CB200FE065E /* Build configuration list for PBXProject "GitHub Issues" */;
			compatibilityVersion = "Xcode 3.2";
			developmentRegion = English;
			hasScannedForEncodings = 0;
			knownRegions = (
				en,
				Base,
			);
			mainGroup = 3B9F24161A7C4CB200FE065E;
			productRefGroup = 3B9F24201A7C4CB200FE065E /* Products */;
			projectDirPath = "";
			projectRoot = "";
			targets = (
				3B9F241E1A7C4CB200FE065E /* GitHub Issues */,
				3B9F243A1A7C4CB200FE065E /* GitHub IssuesTests */,
			);
		};
/* End PBXProject section */

/* Begin PBXResourcesBuildPhase section */
		3B9F241D1A7C4CB200FE065E /* Resources */ = {
			isa = PBXResourcesBuildPhase;
			buildActionMask = 2147483647;
			files = (
				3B9F24311A7C4CB200FE065E /* Main.storyboard in Resources */,
				3B9F24571A7C595D00FE065E /* doughnut_chart-50.png in Resources */,
				3B9F24581A7C595D00FE065E /* popular_topic-50.png in Resources */,
				3B9F24361A7C4CB200FE065E /* LaunchScreen.xib in Resources */,
				3B9F24591A7C595D00FE065E /* topic-50.png in Resources */,
				3BACEC841A7D85BC0088E5AA /* question-100.png in Resources */,
				3BACEC851A7D85BC0088E5AA /* cool-100.png in Resources */,
				3BACEC811A7D75C70088E5AA /* cool-50.png in Resources */,
				3B9F24331A7C4CB200FE065E /* Images.xcassets in Resources */,
				3BACEC801A7D75C70088E5AA /* question-50.png in Resources */,
			);
			runOnlyForDeploymentPostprocessing = 0;
		};
		3B9F24391A7C4CB200FE065E /* Resources */ = {
			isa = PBXResourcesBuildPhase;
			buildActionMask = 2147483647;
			files = (
			);
			runOnlyForDeploymentPostprocessing = 0;
		};
/* End PBXResourcesBuildPhase section */

/* Begin PBXSourcesBuildPhase section */
		3B9F241B1A7C4CB200FE065E /* Sources */ = {
			isa = PBXSourcesBuildPhase;
			buildActionMask = 2147483647;
			files = (
				3B9F24631A7C70AE00FE065E /* IssueDetailViewController.m in Sources */,
				3B9F244D1A7C555300FE065E /* IssueTableViewController.m in Sources */,
				3B9F24501A7C556300FE065E /* AllIssueTableViewController.m in Sources */,
				3B9F24281A7C4CB200FE065E /* AppDelegate.m in Sources */,
				3BA2650C1A7DB9AD00293936 /* CircleView.m in Sources */,
				3B9F24251A7C4CB200FE065E /* main.m in Sources */,
				3B9F24531A7C557900FE065E /* CircleViewController.m in Sources */,
				3B9F24601A7C614B00FE065E /* IssueTableViewCell.m in Sources */,
			);
			runOnlyForDeploymentPostprocessing = 0;
		};
		3B9F24371A7C4CB200FE065E /* Sources */ = {
			isa = PBXSourcesBuildPhase;
			buildActionMask = 2147483647;
			files = (
				3B9F24421A7C4CB300FE065E /* GitHub_IssuesTests.m in Sources */,
			);
			runOnlyForDeploymentPostprocessing = 0;
		};
/* End PBXSourcesBuildPhase section */

/* Begin PBXTargetDependency section */
		3B9F243D1A7C4CB200FE065E /* PBXTargetDependency */ = {
			isa = PBXTargetDependency;
			target = 3B9F241E1A7C4CB200FE065E /* GitHub Issues */;
			targetProxy = 3B9F243C1A7C4CB200FE065E /* PBXContainerItemProxy */;
		};
/* End PBXTargetDependency section */

/* Begin PBXVariantGroup section */
		3B9F242F1A7C4CB200FE065E /* Main.storyboard */ = {
			isa = PBXVariantGroup;
			children = (
				3B9F24301A7C4CB200FE065E /* Base */,
			);
			name = Main.storyboard;
			sourceTree = "<group>";
		};
		3B9F24341A7C4CB200FE065E /* LaunchScreen.xib */ = {
			isa = PBXVariantGroup;
			children = (
				3B9F24351A7C4CB200FE065E /* Base */,
			);
			name = LaunchScreen.xib;
			sourceTree = "<group>";
		};
/* End PBXVariantGroup section */

/* Begin XCBuildConfiguration section */
		3B9F24431A7C4CB300FE065E /* Debug */ = {
			isa = XCBuildConfiguration;
			buildSettings = {
				ALWAYS_SEARCH_USER_PATHS = NO;
				CLANG_CXX_LANGUAGE_STANDARD = "gnu++0x";
				CLANG_CXX_LIBRARY = "libc++";
				CLANG_ENABLE_MODULES = YES;
				CLANG_ENABLE_OBJC_ARC = YES;
				CLANG_WARN_BOOL_CONVERSION = YES;
				CLANG_WARN_CONSTANT_CONVERSION = YES;
				CLANG_WARN_DIRECT_OBJC_ISA_USAGE = YES_ERROR;
				CLANG_WARN_EMPTY_BODY = YES;
				CLANG_WARN_ENUM_CONVERSION = YES;
				CLANG_WARN_INT_CONVERSION = YES;
				CLANG_WARN_OBJC_ROOT_CLASS = YES_ERROR;
				CLANG_WARN_UNREACHABLE_CODE = YES;
				CLANG_WARN__DUPLICATE_METHOD_MATCH = YES;
				"CODE_SIGN_IDENTITY[sdk=iphoneos*]" = "iPhone Developer";
				COPY_PHASE_STRIP = NO;
				ENABLE_STRICT_OBJC_MSGSEND = YES;
				GCC_C_LANGUAGE_STANDARD = gnu99;
				GCC_DYNAMIC_NO_PIC = NO;
				GCC_OPTIMIZATION_LEVEL = 0;
				GCC_PREPROCESSOR_DEFINITIONS = (
					"DEBUG=1",
					"$(inherited)",
				);
				GCC_SYMBOLS_PRIVATE_EXTERN = NO;
				GCC_WARN_64_TO_32_BIT_CONVERSION = YES;
				GCC_WARN_ABOUT_RETURN_TYPE = YES_ERROR;
				GCC_WARN_UNDECLARED_SELECTOR = YES;
				GCC_WARN_UNINITIALIZED_AUTOS = YES_AGGRESSIVE;
				GCC_WARN_UNUSED_FUNCTION = YES;
				GCC_WARN_UNUSED_VARIABLE = YES;
				IPHONEOS_DEPLOYMENT_TARGET = 8.1;
				MTL_ENABLE_DEBUG_INFO = YES;
				ONLY_ACTIVE_ARCH = YES;
				SDKROOT = iphoneos;
				TARGETED_DEVICE_FAMILY = "1,2";
			};
			name = Debug;
		};
		3B9F24441A7C4CB300FE065E /* Release */ = {
			isa = XCBuildConfiguration;
			buildSettings = {
				ALWAYS_SEARCH_USER_PATHS = NO;
				CLANG_CXX_LANGUAGE_STANDARD = "gnu++0x";
				CLANG_CXX_LIBRARY = "libc++";
				CLANG_ENABLE_MODULES = YES;
				CLANG_ENABLE_OBJC_ARC = YES;
				CLANG_WARN_BOOL_CONVERSION = YES;
				CLANG_WARN_CONSTANT_CONVERSION = YES;
				CLANG_WARN_DIRECT_OBJC_ISA_USAGE = YES_ERROR;
				CLANG_WARN_EMPTY_BODY = YES;
				CLANG_WARN_ENUM_CONVERSION = YES;
				CLANG_WARN_INT_CONVERSION = YES;
				CLANG_WARN_OBJC_ROOT_CLASS = YES_ERROR;
				CLANG_WARN_UNREACHABLE_CODE = YES;
				CLANG_WARN__DUPLICATE_METHOD_MATCH = YES;
				"CODE_SIGN_IDENTITY[sdk=iphoneos*]" = "iPhone Developer";
				COPY_PHASE_STRIP = YES;
				ENABLE_NS_ASSERTIONS = NO;
				ENABLE_STRICT_OBJC_MSGSEND = YES;
				GCC_C_LANGUAGE_STANDARD = gnu99;
				GCC_WARN_64_TO_32_BIT_CONVERSION = YES;
				GCC_WARN_ABOUT_RETURN_TYPE = YES_ERROR;
				GCC_WARN_UNDECLARED_SELECTOR = YES;
				GCC_WARN_UNINITIALIZED_AUTOS = YES_AGGRESSIVE;
				GCC_WARN_UNUSED_FUNCTION = YES;
				GCC_WARN_UNUSED_VARIABLE = YES;
				IPHONEOS_DEPLOYMENT_TARGET = 8.1;
				MTL_ENABLE_DEBUG_INFO = NO;
				SDKROOT = iphoneos;
				TARGETED_DEVICE_FAMILY = "1,2";
				VALIDATE_PRODUCT = YES;
			};
			name = Release;
		};
		3B9F24461A7C4CB300FE065E /* Debug */ = {
			isa = XCBuildConfiguration;
			buildSettings = {
				ASSETCATALOG_COMPILER_APPICON_NAME = AppIcon;
				INFOPLIST_FILE = "GitHub Issues/Info.plist";
				LD_RUNPATH_SEARCH_PATHS = "$(inherited) @executable_path/Frameworks";
				PRODUCT_NAME = "$(TARGET_NAME)";
				TARGETED_DEVICE_FAMILY = 1;
			};
			name = Debug;
		};
		3B9F24471A7C4CB300FE065E /* Release */ = {
			isa = XCBuildConfiguration;
			buildSettings = {
				ASSETCATALOG_COMPILER_APPICON_NAME = AppIcon;
				INFOPLIST_FILE = "GitHub Issues/Info.plist";
				LD_RUNPATH_SEARCH_PATHS = "$(inherited) @executable_path/Frameworks";
				PRODUCT_NAME = "$(TARGET_NAME)";
				TARGETED_DEVICE_FAMILY = 1;
			};
			name = Release;
		};
		3B9F24491A7C4CB300FE065E /* Debug */ = {
			isa = XCBuildConfiguration;
			buildSettings = {
				BUNDLE_LOADER = "$(TEST_HOST)";
				FRAMEWORK_SEARCH_PATHS = (
					"$(SDKROOT)/Developer/Library/Frameworks",
					"$(inherited)",
				);
				GCC_PREPROCESSOR_DEFINITIONS = (
					"DEBUG=1",
					"$(inherited)",
				);
				INFOPLIST_FILE = "GitHub IssuesTests/Info.plist";
				LD_RUNPATH_SEARCH_PATHS = "$(inherited) @executable_path/Frameworks @loader_path/Frameworks";
				PRODUCT_NAME = "$(TARGET_NAME)";
				TEST_HOST = "$(BUILT_PRODUCTS_DIR)/GitHub Issues.app/GitHub Issues";
			};
			name = Debug;
		};
		3B9F244A1A7C4CB300FE065E /* Release */ = {
			isa = XCBuildConfiguration;
			buildSettings = {
				BUNDLE_LOADER = "$(TEST_HOST)";
				FRAMEWORK_SEARCH_PATHS = (
					"$(SDKROOT)/Developer/Library/Frameworks",
					"$(inherited)",
				);
				INFOPLIST_FILE = "GitHub IssuesTests/Info.plist";
				LD_RUNPATH_SEARCH_PATHS = "$(inherited) @executable_path/Frameworks @loader_path/Frameworks";
				PRODUCT_NAME = "$(TARGET_NAME)";
				TEST_HOST = "$(BUILT_PRODUCTS_DIR)/GitHub Issues.app/GitHub Issues";
			};
			name = Release;
		};
/* End XCBuildConfiguration section */

/* Begin XCConfigurationList section */
		3B9F241A1A7C4CB200FE065E /* Build configuration list for PBXProject "GitHub Issues" */ = {
			isa = XCConfigurationList;
			buildConfigurations = (
				3B9F24431A7C4CB300FE065E /* Debug */,
				3B9F24441A7C4CB300FE065E /* Release */,
			);
			defaultConfigurationIsVisible = 0;
			defaultConfigurationName = Release;
		};
		3B9F24451A7C4CB300FE065E /* Build configuration list for PBXNativeTarget "GitHub Issues" */ = {
			isa = XCConfigurationList;
			buildConfigurations = (
				3B9F24461A7C4CB300FE065E /* Debug */,
				3B9F24471A7C4CB300FE065E /* Release */,
			);
			defaultConfigurationIsVisible = 0;
			defaultConfigurationName = Release;
		};
		3B9F24481A7C4CB300FE065E /* Build configuration list for PBXNativeTarget "GitHub IssuesTests" */ = {
			isa = XCConfigurationList;
			buildConfigurations = (
				3B9F24491A7C4CB300FE065E /* Debug */,
				3B9F244A1A7C4CB300FE065E /* Release */,
			);
			defaultConfigurationIsVisible = 0;
			defaultConfigurationName = Release;
		};
/* End XCConfigurationList section */
	};
	rootObject = 3B9F24171A7C4CB200FE065E /* Project object */;
}
